{
  "requires": true,
  "lockfileVersion": 1,
  "dependencies": {
    "@i5920/uni-socket": {
      "version": "2.0.0",
      "resolved": "https://registry.npmjs.org/@i5920/uni-socket/-/uni-socket-2.0.0.tgz",
      "integrity": "sha512-/dnRnnmX0RhIGR/uGRqmTF0vZoc7tLac7lAbn7QOmodcWBRXvYkYrEJAy3y7s3v3JbPtv6K2LJoVWGIHG2+5lQ=="
    }
  }
}
